// !$*UTF8*$!
{
	archiveVersion = 1;
	classes = {
	};
	objectVersion = 48;
	objects = {

/* Begin PBXBuildFile section */
		BE0A049020575DDC009C2176 /* tradChinese.swift in Sources */ = {isa = PBXBuildFile; fileRef = BE0A048F20575DDC009C2176 /* tradChinese.swift */; };
		BE0A049B20577213009C2176 /* french.swift in Sources */ = {isa = PBXBuildFile; fileRef = BE0A049A20577213009C2176 /* french.swift */; };
		BE0A049D2057756E009C2176 /* japanese.swift in Sources */ = {isa = PBXBuildFile; fileRef = BE0A049C2057756E009C2176 /* japanese.swift */; };
		BE0A049F205775B7009C2176 /* simpChinese.swift in Sources */ = {isa = PBXBuildFile; fileRef = BE0A049E205775B7009C2176 /* simpChinese.swift */; };
		BE536E8C200FA5C200E23C7F /* AppDelegate.swift in Sources */ = {isa = PBXBuildFile; fileRef = BE536E8B200FA5C200E23C7F /* AppDelegate.swift */; };
		BE536E8E200FA5C200E23C7F /* art.scnassets in Resources */ = {isa = PBXBuildFile; fileRef = BE536E8D200FA5C200E23C7F /* art.scnassets */; };
		BE536E90200FA5C200E23C7F /* CameraViewController.swift in Sources */ = {isa = PBXBuildFile; fileRef = BE536E8F200FA5C200E23C7F /* CameraViewController.swift */; };
		BE536E93200FA5C200E23C7F /* Main.storyboard in Resources */ = {isa = PBXBuildFile; fileRef = BE536E91200FA5C200E23C7F /* Main.storyboard */; };
		BE536E98200FA5C200E23C7F /* LaunchScreen.storyboard in Resources */ = {isa = PBXBuildFile; fileRef = BE536E96200FA5C200E23C7F /* LaunchScreen.storyboard */; };
		BE536EA020124E3B00E23C7F /* Caltech.mlmodel in Sources */ = {isa = PBXBuildFile; fileRef = BE536E9F20124E3B00E23C7F /* Caltech.mlmodel */; };
		BE80FA2E2044808F006E4EE4 /* TinyYOLO.mlmodel in Sources */ = {isa = PBXBuildFile; fileRef = BE80FA2D2044808F006E4EE4 /* TinyYOLO.mlmodel */; };
		BEB656A92054A6E1008EAE2A /* TemplateLabelNode.swift in Sources */ = {isa = PBXBuildFile; fileRef = BEB656A82054A6E1008EAE2A /* TemplateLabelNode.swift */; };
		BEB656AD2054A807008EAE2A /* LabelScene.sks in Resources */ = {isa = PBXBuildFile; fileRef = BEB656AC2054A807008EAE2A /* LabelScene.sks */; };
		BEBB92302016433B007834BB /* CGImagePropertyOrientation+UIImageOrientation.swift in Sources */ = {isa = PBXBuildFile; fileRef = BEBB922F2016433B007834BB /* CGImagePropertyOrientation+UIImageOrientation.swift */; };
		BEBB9232201D7849007834BB /* SettingsViewController.swift in Sources */ = {isa = PBXBuildFile; fileRef = BEBB9231201D7849007834BB /* SettingsViewController.swift */; };
		BEBB9256201E5AE4007834BB /* PhotoViewController.swift in Sources */ = {isa = PBXBuildFile; fileRef = BEBB9255201E5AE4007834BB /* PhotoViewController.swift */; };
		BEBB9258201EC70A007834BB /* MasterViewController.swift in Sources */ = {isa = PBXBuildFile; fileRef = BEBB9257201EC70A007834BB /* MasterViewController.swift */; };
		F9D254952061FA9A0051F574 /* ssd_mobilenet_feature_extractor.mlmodel in Sources */ = {isa = PBXBuildFile; fileRef = F9D254942061FA9A0051F574 /* ssd_mobilenet_feature_extractor.mlmodel */; };
		F9D2549B2061FBB80051F574 /* Inceptionv3.mlmodel in Sources */ = {isa = PBXBuildFile; fileRef = F9D2549A2061FBB80051F574 /* Inceptionv3.mlmodel */; };
/* End PBXBuildFile section */

/* Begin PBXFileReference section */
		BE0A048F20575DDC009C2176 /* tradChinese.swift */ = {isa = PBXFileReference; lastKnownFileType = sourcecode.swift; path = tradChinese.swift; sourceTree = "<group>"; };
		BE0A049920576318009C2176 /* Assets.xcassets */ = {isa = PBXFileReference; lastKnownFileType = folder.assetcatalog; path = Assets.xcassets; sourceTree = "<group>"; };
		BE0A049A20577213009C2176 /* french.swift */ = {isa = PBXFileReference; lastKnownFileType = sourcecode.swift; path = french.swift; sourceTree = "<group>"; };
		BE0A049C2057756E009C2176 /* japanese.swift */ = {isa = PBXFileReference; lastKnownFileType = sourcecode.swift; path = japanese.swift; sourceTree = "<group>"; };
		BE0A049E205775B7009C2176 /* simpChinese.swift */ = {isa = PBXFileReference; lastKnownFileType = sourcecode.swift; path = simpChinese.swift; sourceTree = "<group>"; };
		BE536E88200FA5C200E23C7F /* iKnow.app */ = {isa = PBXFileReference; explicitFileType = wrapper.application; includeInIndex = 0; path = iKnow.app; sourceTree = BUILT_PRODUCTS_DIR; };
		BE536E8B200FA5C200E23C7F /* AppDelegate.swift */ = {isa = PBXFileReference; lastKnownFileType = sourcecode.swift; path = AppDelegate.swift; sourceTree = "<group>"; };
		BE536E8D200FA5C200E23C7F /* art.scnassets */ = {isa = PBXFileReference; lastKnownFileType = wrapper.scnassets; path = art.scnassets; sourceTree = "<group>"; };
		BE536E8F200FA5C200E23C7F /* CameraViewController.swift */ = {isa = PBXFileReference; lastKnownFileType = sourcecode.swift; path = CameraViewController.swift; sourceTree = "<group>"; };
		BE536E92200FA5C200E23C7F /* Base */ = {isa = PBXFileReference; lastKnownFileType = file.storyboard; name = Base; path = Base.lproj/Main.storyboard; sourceTree = "<group>"; };
		BE536E97200FA5C200E23C7F /* Base */ = {isa = PBXFileReference; lastKnownFileType = file.storyboard; name = Base; path = Base.lproj/LaunchScreen.storyboard; sourceTree = "<group>"; };
		BE536E99200FA5C200E23C7F /* Info.plist */ = {isa = PBXFileReference; lastKnownFileType = text.plist.xml; path = Info.plist; sourceTree = "<group>"; };
		BE536E9F20124E3B00E23C7F /* Caltech.mlmodel */ = {isa = PBXFileReference; lastKnownFileType = file.mlmodel; path = Caltech.mlmodel; sourceTree = "<group>"; };
		BE80FA2D2044808F006E4EE4 /* TinyYOLO.mlmodel */ = {isa = PBXFileReference; lastKnownFileType = file.mlmodel; path = TinyYOLO.mlmodel; sourceTree = "<group>"; };
		BEB656A82054A6E1008EAE2A /* TemplateLabelNode.swift */ = {isa = PBXFileReference; lastKnownFileType = sourcecode.swift; path = TemplateLabelNode.swift; sourceTree = "<group>"; };
		BEB656AC2054A807008EAE2A /* LabelScene.sks */ = {isa = PBXFileReference; lastKnownFileType = file.sks; path = LabelScene.sks; sourceTree = "<group>"; };
		BEBB922F2016433B007834BB /* CGImagePropertyOrientation+UIImageOrientation.swift */ = {isa = PBXFileReference; lastKnownFileType = sourcecode.swift; path = "CGImagePropertyOrientation+UIImageOrientation.swift"; sourceTree = "<group>"; };
		BEBB9231201D7849007834BB /* SettingsViewController.swift */ = {isa = PBXFileReference; lastKnownFileType = sourcecode.swift; path = SettingsViewController.swift; sourceTree = "<group>"; };
		BEBB9255201E5AE4007834BB /* PhotoViewController.swift */ = {isa = PBXFileReference; lastKnownFileType = sourcecode.swift; path = PhotoViewController.swift; sourceTree = "<group>"; };
		BEBB9257201EC70A007834BB /* MasterViewController.swift */ = {isa = PBXFileReference; lastKnownFileType = sourcecode.swift; path = MasterViewController.swift; sourceTree = "<group>"; };
		F9D254942061FA9A0051F574 /* ssd_mobilenet_feature_extractor.mlmodel */ = {isa = PBXFileReference; lastKnownFileType = file.mlmodel; path = ssd_mobilenet_feature_extractor.mlmodel; sourceTree = "<group>"; };
		F9D2549A2061FBB80051F574 /* Inceptionv3.mlmodel */ = {isa = PBXFileReference; lastKnownFileType = file.mlmodel; path = Inceptionv3.mlmodel; sourceTree = "<group>"; };
/* End PBXFileReference section */

/* Begin PBXFrameworksBuildPhase section */
		BE536E85200FA5C200E23C7F /* Frameworks */ = {
			isa = PBXFrameworksBuildPhase;
			buildActionMask = 2147483647;
			files = (
			);
			runOnlyForDeploymentPostprocessing = 0;
		};
/* End PBXFrameworksBuildPhase section */

/* Begin PBXGroup section */
		BE0A049120576260009C2176 /* ViewControllers */ = {
			isa = PBXGroup;
			children = (
				BEBB9257201EC70A007834BB /* MasterViewController.swift */,
				BEBB9255201E5AE4007834BB /* PhotoViewController.swift */,
				BEBB9231201D7849007834BB /* SettingsViewController.swift */,
				BE536E8F200FA5C200E23C7F /* CameraViewController.swift */,
			);
			path = ViewControllers;
			sourceTree = "<group>";
		};
		BE0A04922057628C009C2176 /* Localizations */ = {
			isa = PBXGroup;
			children = (
				BE0A048F20575DDC009C2176 /* tradChinese.swift */,
				BE0A049A20577213009C2176 /* french.swift */,
				BE0A049C2057756E009C2176 /* japanese.swift */,
				BE0A049E205775B7009C2176 /* simpChinese.swift */,
			);
			path = Localizations;
			sourceTree = "<group>";
		};
		BE0A0493205762A0009C2176 /* Models */ = {
			isa = PBXGroup;
			children = (
				F9D254942061FA9A0051F574 /* ssd_mobilenet_feature_extractor.mlmodel */,
				F9D2549A2061FBB80051F574 /* Inceptionv3.mlmodel */,
				BE536E9F20124E3B00E23C7F /* Caltech.mlmodel */,
				BE80FA2D2044808F006E4EE4 /* TinyYOLO.mlmodel */,
			);
			path = Models;
			sourceTree = "<group>";
		};
		BE0A0498205762F1009C2176 /* Supports */ = {
			isa = PBXGroup;
			children = (
				BEBB922F2016433B007834BB /* CGImagePropertyOrientation+UIImageOrientation.swift */,
				BEB656A82054A6E1008EAE2A /* TemplateLabelNode.swift */,
				BEB656AC2054A807008EAE2A /* LabelScene.sks */,
			);
			path = Supports;
			sourceTree = "<group>";
		};
		BE536E7F200FA5C200E23C7F = {
			isa = PBXGroup;
			children = (
				BE536E8A200FA5C200E23C7F /* iKnow */,
				BE536E89200FA5C200E23C7F /* Products */,
			);
			sourceTree = "<group>";
		};
		BE536E89200FA5C200E23C7F /* Products */ = {
			isa = PBXGroup;
			children = (
				BE536E88200FA5C200E23C7F /* iKnow.app */,
			);
			name = Products;
			sourceTree = "<group>";
		};
		BE536E8A200FA5C200E23C7F /* iKnow */ = {
			isa = PBXGroup;
			children = (
				BE536E99200FA5C200E23C7F /* Info.plist */,
				BE536E91200FA5C200E23C7F /* Main.storyboard */,
				BE536E96200FA5C200E23C7F /* LaunchScreen.storyboard */,
				BE536E8B200FA5C200E23C7F /* AppDelegate.swift */,
				BE0A049120576260009C2176 /* ViewControllers */,
				BE0A0498205762F1009C2176 /* Supports */,
				BE0A0493205762A0009C2176 /* Models */,
				BE0A04922057628C009C2176 /* Localizations */,
				BE0A049920576318009C2176 /* Assets.xcassets */,
				BE536E8D200FA5C200E23C7F /* art.scnassets */,
			);
			path = iKnow;
			sourceTree = "<group>";
		};
/* End PBXGroup section */

/* Begin PBXNativeTarget section */
		BE536E87200FA5C200E23C7F /* iKnow */ = {
			isa = PBXNativeTarget;
			buildConfigurationList = BE536E9C200FA5C200E23C7F /* Build configuration list for PBXNativeTarget "iKnow" */;
			buildPhases = (
				BE536E84200FA5C200E23C7F /* Sources */,
				BE536E85200FA5C200E23C7F /* Frameworks */,
				BE536E86200FA5C200E23C7F /* Resources */,
			);
			buildRules = (
			);
			dependencies = (
			);
			name = iKnow;
			productName = iKnow;
			productReference = BE536E88200FA5C200E23C7F /* iKnow.app */;
			productType = "com.apple.product-type.application";
		};
/* End PBXNativeTarget section */

/* Begin PBXProject section */
		BE536E80200FA5C200E23C7F /* Project object */ = {
			isa = PBXProject;
			attributes = {
				LastSwiftUpdateCheck = 0920;
				LastUpgradeCheck = 0920;
				ORGANIZATIONNAME = "Shao-Wei Liang";
				TargetAttributes = {
					BE536E87200FA5C200E23C7F = {
						CreatedOnToolsVersion = 9.2;
						ProvisioningStyle = Automatic;
					};
				};
			};
			buildConfigurationList = BE536E83200FA5C200E23C7F /* Build configuration list for PBXProject "iKnow" */;
			compatibilityVersion = "Xcode 8.0";
			developmentRegion = en;
			hasScannedForEncodings = 0;
			knownRegions = (
				en,
				Base,
			);
			mainGroup = BE536E7F200FA5C200E23C7F;
			productRefGroup = BE536E89200FA5C200E23C7F /* Products */;
			projectDirPath = "";
			projectRoot = "";
			targets = (
				BE536E87200FA5C200E23C7F /* iKnow */,
			);
		};
/* End PBXProject section */

/* Begin PBXResourcesBuildPhase section */
		BE536E86200FA5C200E23C7F /* Resources */ = {
			isa = PBXResourcesBuildPhase;
			buildActionMask = 2147483647;
			files = (
				BE536E8E200FA5C200E23C7F /* art.scnassets in Resources */,
				BEB656AD2054A807008EAE2A /* LabelScene.sks in Resources */,
				BE536E98200FA5C200E23C7F /* LaunchScreen.storyboard in Resources */,
				BE536E93200FA5C200E23C7F /* Main.storyboard in Resources */,
			);
			runOnlyForDeploymentPostprocessing = 0;
		};
/* End PBXResourcesBuildPhase section */

/* Begin PBXSourcesBuildPhase section */
		BE536E84200FA5C200E23C7F /* Sources */ = {
			isa = PBXSourcesBuildPhase;
			buildActionMask = 2147483647;
			files = (
				BEBB92302016433B007834BB /* CGImagePropertyOrientation+UIImageOrientation.swift in Sources */,
				BE0A049D2057756E009C2176 /* japanese.swift in Sources */,
				BE536E90200FA5C200E23C7F /* CameraViewController.swift in Sources */,
				BE536EA020124E3B00E23C7F /* Caltech.mlmodel in Sources */,
				BEBB9232201D7849007834BB /* SettingsViewController.swift in Sources */,
				BE536E8C200FA5C200E23C7F /* AppDelegate.swift in Sources */,
				BE0A049020575DDC009C2176 /* tradChinese.swift in Sources */,
				F9D254952061FA9A0051F574 /* ssd_mobilenet_feature_extractor.mlmodel in Sources */,
				BE0A049F205775B7009C2176 /* simpChinese.swift in Sources */,
				BE80FA2E2044808F006E4EE4 /* TinyYOLO.mlmodel in Sources */,
				F9D2549B2061FBB80051F574 /* Inceptionv3.mlmodel in Sources */,
				BEBB9258201EC70A007834BB /* MasterViewController.swift in Sources */,
				BE0A049B20577213009C2176 /* french.swift in Sources */,
				BEB656A92054A6E1008EAE2A /* TemplateLabelNode.swift in Sources */,
				BEBB9256201E5AE4007834BB /* PhotoViewController.swift in Sources */,
			);
			runOnlyForDeploymentPostprocessing = 0;
		};
/* End PBXSourcesBuildPhase section */

/* Begin PBXVariantGroup section */
		BE536E91200FA5C200E23C7F /* Main.storyboard */ = {
			isa = PBXVariantGroup;
			children = (
				BE536E92200FA5C200E23C7F /* Base */,
			);
			name = Main.storyboard;
			sourceTree = "<group>";
		};
		BE536E96200FA5C200E23C7F /* LaunchScreen.storyboard */ = {
			isa = PBXVariantGroup;
			children = (
				BE536E97200FA5C200E23C7F /* Base */,
			);
			name = LaunchScreen.storyboard;
			sourceTree = "<group>";
		};
/* End PBXVariantGroup section */

/* Begin XCBuildConfiguration section */
		BE536E9A200FA5C200E23C7F /* Debug */ = {
			isa = XCBuildConfiguration;
			buildSettings = {
				ALWAYS_SEARCH_USER_PATHS = NO;
				CLANG_ANALYZER_NONNULL = YES;
				CLANG_ANALYZER_NUMBER_OBJECT_CONVERSION = YES_AGGRESSIVE;
				CLANG_CXX_LANGUAGE_STANDARD = "gnu++14";
				CLANG_CXX_LIBRARY = "libc++";
				CLANG_ENABLE_MODULES = YES;
				CLANG_ENABLE_OBJC_ARC = YES;
				CLANG_WARN_BLOCK_CAPTURE_AUTORELEASING = YES;
				CLANG_WARN_BOOL_CONVERSION = YES;
				CLANG_WARN_COMMA = YES;
				CLANG_WARN_CONSTANT_CONVERSION = YES;
				CLANG_WARN_DIRECT_OBJC_ISA_USAGE = YES_ERROR;
				CLANG_WARN_DOCUMENTATION_COMMENTS = YES;
				CLANG_WARN_EMPTY_BODY = YES;
				CLANG_WARN_ENUM_CONVERSION = YES;
				CLANG_WARN_INFINITE_RECURSION = YES;
				CLANG_WARN_INT_CONVERSION = YES;
				CLANG_WARN_NON_LITERAL_NULL_CONVERSION = YES;
				CLANG_WARN_OBJC_LITERAL_CONVERSION = YES;
				CLANG_WARN_OBJC_ROOT_CLASS = YES_ERROR;
				CLANG_WARN_RANGE_LOOP_ANALYSIS = YES;
				CLANG_WARN_STRICT_PROTOTYPES = YES;
				CLANG_WARN_SUSPICIOUS_MOVE = YES;
				CLANG_WARN_UNGUARDED_AVAILABILITY = YES_AGGRESSIVE;
				CLANG_WARN_UNREACHABLE_CODE = YES;
				CLANG_WARN__DUPLICATE_METHOD_MATCH = YES;
				CODE_SIGN_IDENTITY = "iPhone Developer";
				COPY_PHASE_STRIP = NO;
				DEBUG_INFORMATION_FORMAT = dwarf;
				ENABLE_STRICT_OBJC_MSGSEND = YES;
				ENABLE_TESTABILITY = YES;
				GCC_C_LANGUAGE_STANDARD = gnu11;
				GCC_DYNAMIC_NO_PIC = NO;
				GCC_NO_COMMON_BLOCKS = YES;
				GCC_OPTIMIZATION_LEVEL = 0;
				GCC_PREPROCESSOR_DEFINITIONS = (
					"DEBUG=1",
					"$(inherited)",
				);
				GCC_WARN_64_TO_32_BIT_CONVERSION = YES;
				GCC_WARN_ABOUT_RETURN_TYPE = YES_ERROR;
				GCC_WARN_UNDECLARED_SELECTOR = YES;
				GCC_WARN_UNINITIALIZED_AUTOS = YES_AGGRESSIVE;
				GCC_WARN_UNUSED_FUNCTION = YES;
				GCC_WARN_UNUSED_VARIABLE = YES;
				IPHONEOS_DEPLOYMENT_TARGET = 11.2;
				MTL_ENABLE_DEBUG_INFO = YES;
				ONLY_ACTIVE_ARCH = YES;
				SDKROOT = iphoneos;
				SWIFT_ACTIVE_COMPILATION_CONDITIONS = DEBUG;
				SWIFT_OPTIMIZATION_LEVEL = "-Onone";
			};
			name = Debug;
		};
		BE536E9B200FA5C200E23C7F /* Release */ = {
			isa = XCBuildConfiguration;
			buildSettings = {
				ALWAYS_SEARCH_USER_PATHS = NO;
				CLANG_ANALYZER_NONNULL = YES;
				CLANG_ANALYZER_NUMBER_OBJECT_CONVERSION = YES_AGGRESSIVE;
				CLANG_CXX_LANGUAGE_STANDARD = "gnu++14";
				CLANG_CXX_LIBRARY = "libc++";
				CLANG_ENABLE_MODULES = YES;
				CLANG_ENABLE_OBJC_ARC = YES;
				CLANG_WARN_BLOCK_CAPTURE_AUTORELEASING = YES;
				CLANG_WARN_BOOL_CONVERSION = YES;
				CLANG_WARN_COMMA = YES;
				CLANG_WARN_CONSTANT_CONVERSION = YES;
				CLANG_WARN_DIRECT_OBJC_ISA_USAGE = YES_ERROR;
				CLANG_WARN_DOCUMENTATION_COMMENTS = YES;
				CLANG_WARN_EMPTY_BODY = YES;
				CLANG_WARN_ENUM_CONVERSION = YES;
				CLANG_WARN_INFINITE_RECURSION = YES;
				CLANG_WARN_INT_CONVERSION = YES;
				CLANG_WARN_NON_LITERAL_NULL_CONVERSION = YES;
				CLANG_WARN_OBJC_LITERAL_CONVERSION = YES;
				CLANG_WARN_OBJC_ROOT_CLASS = YES_ERROR;
				CLANG_WARN_RANGE_LOOP_ANALYSIS = YES;
				CLANG_WARN_STRICT_PROTOTYPES = YES;
				CLANG_WARN_SUSPICIOUS_MOVE = YES;
				CLANG_WARN_UNGUARDED_AVAILABILITY = YES_AGGRESSIVE;
				CLANG_WARN_UNREACHABLE_CODE = YES;
				CLANG_WARN__DUPLICATE_METHOD_MATCH = YES;
				CODE_SIGN_IDENTITY = "iPhone Developer";
				COPY_PHASE_STRIP = NO;
				DEBUG_INFORMATION_FORMAT = "dwarf-with-dsym";
				ENABLE_NS_ASSERTIONS = NO;
				ENABLE_STRICT_OBJC_MSGSEND = YES;
				GCC_C_LANGUAGE_STANDARD = gnu11;
				GCC_NO_COMMON_BLOCKS = YES;
				GCC_WARN_64_TO_32_BIT_CONVERSION = YES;
				GCC_WARN_ABOUT_RETURN_TYPE = YES_ERROR;
				GCC_WARN_UNDECLARED_SELECTOR = YES;
				GCC_WARN_UNINITIALIZED_AUTOS = YES_AGGRESSIVE;
				GCC_WARN_UNUSED_FUNCTION = YES;
				GCC_WARN_UNUSED_VARIABLE = YES;
				IPHONEOS_DEPLOYMENT_TARGET = 11.2;
				MTL_ENABLE_DEBUG_INFO = NO;
				SDKROOT = iphoneos;
				SWIFT_OPTIMIZATION_LEVEL = "-Owholemodule";
				VALIDATE_PRODUCT = YES;
			};
			name = Release;
		};
		BE536E9D200FA5C200E23C7F /* Debug */ = {
			isa = XCBuildConfiguration;
			buildSettings = {
				ASSETCATALOG_COMPILER_APPICON_NAME = AppIcon;
				CODE_SIGN_STYLE = Automatic;
				DEVELOPMENT_TEAM = 5J8UJ34H98;
				INFOPLIST_FILE = iKnow/Info.plist;
				IPHONEOS_DEPLOYMENT_TARGET = 11.2;
				LD_RUNPATH_SEARCH_PATHS = "$(inherited) @executable_path/Frameworks";
				PRODUCT_BUNDLE_IDENTIFIER = com.dp28.iKnow;
				PRODUCT_NAME = "$(TARGET_NAME)";
				SWIFT_VERSION = 4.0;
				TARGETED_DEVICE_FAMILY = "1,2";
			};
			name = Debug;
		};
		BE536E9E200FA5C200E23C7F /* Release */ = {
			isa = XCBuildConfiguration;
			buildSettings = {
				ASSETCATALOG_COMPILER_APPICON_NAME = AppIcon;
				CODE_SIGN_STYLE = Automatic;
				DEVELOPMENT_TEAM = 5J8UJ34H98;
				INFOPLIST_FILE = iKnow/Info.plist;
				IPHONEOS_DEPLOYMENT_TARGET = 11.2;
				LD_RUNPATH_SEARCH_PATHS = "$(inherited) @executable_path/Frameworks";
				PRODUCT_BUNDLE_IDENTIFIER = com.dp28.iKnow;
				PRODUCT_NAME = "$(TARGET_NAME)";
				SWIFT_VERSION = 4.0;
				TARGETED_DEVICE_FAMILY = "1,2";
			};
			name = Release;
		};
/* End XCBuildConfiguration section */

/* Begin XCConfigurationList section */
		BE536E83200FA5C200E23C7F /* Build configuration list for PBXProject "iKnow" */ = {
			isa = XCConfigurationList;
			buildConfigurations = (
				BE536E9A200FA5C200E23C7F /* Debug */,
				BE536E9B200FA5C200E23C7F /* Release */,
			);
			defaultConfigurationIsVisible = 0;
			defaultConfigurationName = Release;
		};
		BE536E9C200FA5C200E23C7F /* Build configuration list for PBXNativeTarget "iKnow" */ = {
			isa = XCConfigurationList;
			buildConfigurations = (
				BE536E9D200FA5C200E23C7F /* Debug */,
				BE536E9E200FA5C200E23C7F /* Release */,
			);
			defaultConfigurationIsVisible = 0;
			defaultConfigurationName = Release;
		};
/* End XCConfigurationList section */
	};
	rootObject = BE536E80200FA5C200E23C7F /* Project object */;
}
